
Microsoft Visual Studio Solution File, Format Version 12.00
# Visual Studio Version 17
VisualStudioVersion = 17.11.35303.130
MinimumVisualStudioVersion = 10.0.40219.1
Project("{FAE04EC0-301F-11D3-BF4B-00C04F79EFBC}") = "Prueba ABB", "Prueba ABB\Prueba ABB.csproj", "{1D5246D6-CB0B-4DFB-8C90-CF40B26394AA}"
EndProject
Global
	GlobalSection(SolutionConfigurationPlatforms) = preSolution
		Debug|Any CPU = Debug|Any CPU
		Release|Any CPU = Release|Any CPU
	EndGlobalSection
	GlobalSection(ProjectConfigurationPlatforms) = postSolution
		{1D5246D6-CB0B-4DFB-8C90-CF40B26394AA}.Debug|Any CPU.ActiveCfg = Debug|Any CPU
		{1D5246D6-CB0B-4DFB-8C90-CF40B26394AA}.Debug|Any CPU.Build.0 = Debug|Any CPU
		{1D5246D6-CB0B-4DFB-8C90-CF40B26394AA}.Release|Any CPU.ActiveCfg = Release|Any CPU
		{1D5246D6-CB0B-4DFB-8C90-CF40B26394AA}.Release|Any CPU.Build.0 = Release|Any CPU
	EndGlobalSection
	GlobalSection(SolutionProperties) = preSolution
		HideSolutionNode = FALSE
	EndGlobalSection
	GlobalSection(ExtensibilityGlobals) = postSolution
		SolutionGuid = {179416DB-2B64-4FF7-B829-02F1E508C1C5}
	EndGlobalSection
EndGlobal
